{
    "_meta": {
        "hash": {
            "sha256": "665e30e7d0220478f685d351bf0e48ca39ac67e50f02f2b34db7688eb28472bc"
        },
        "pipfile-spec": 6,
        "requires": {
            "python_version": "3.7"
        },
        "sources": [
            {
                "name": "pypi",
                "url": "https://pypi.org/simple",
                "verify_ssl": true
            }
        ]
    },
    "default": {
        "pyparsing": {
            "hashes": [
                "sha256:4acadc9a2b96c19fe00932a38ca63e601180c39a189a696abce1eaab641447e1",
                "sha256:61b5ed888beab19ddccab3478910e2076a6b5a0295dffc43021890e136edf764"
            ],
            "version": "==2.4.4"
        },
        "svgwrite": {
            "hashes": [
                "sha256:11e47749b159ed7004721e11d380b4642a26154b8cb2f7b0102fea9c71a3dfa1",
                "sha256:50fec23dc3fd49103808f0d672124f8c573ec5899da5686df734f856b8d3b737"
            ],
            "index": "pypi",
            "version": "==1.3.1"
        }
    },
    "develop": {}
}
